// !$*UTF8*$!
{
	archiveVersion = 1;
	classes = {
	};
	objectVersion = 55;
	objects = {

/* Begin PBXBuildFile section */
		08868FF9289C6CA600199DAD /* AppDelegate.swift in Sources */ = {isa = PBXBuildFile; fileRef = 08868FF8289C6CA600199DAD /* AppDelegate.swift */; };
		08868FFB289C6CA600199DAD /* SceneDelegate.swift in Sources */ = {isa = PBXBuildFile; fileRef = 08868FFA289C6CA600199DAD /* SceneDelegate.swift */; };
		08869000289C6CA600199DAD /* Main.storyboard in Resources */ = {isa = PBXBuildFile; fileRef = 08868FFE289C6CA600199DAD /* Main.storyboard */; };
		08869002289C6CA700199DAD /* Assets.xcassets in Resources */ = {isa = PBXBuildFile; fileRef = 08869001289C6CA700199DAD /* Assets.xcassets */; };
		08869005289C6CA700199DAD /* LaunchScreen.storyboard in Resources */ = {isa = PBXBuildFile; fileRef = 08869003289C6CA700199DAD /* LaunchScreen.storyboard */; };
		08EF948028BE516C0044654D /* WeatherManager.swift in Sources */ = {isa = PBXBuildFile; fileRef = 08EF947F28BE516C0044654D /* WeatherManager.swift */; };
		08EF948228BE51950044654D /* WeatherData.swift in Sources */ = {isa = PBXBuildFile; fileRef = 08EF948128BE51950044654D /* WeatherData.swift */; };
		08EF948428BE51A50044654D /* WeatherModel.swift in Sources */ = {isa = PBXBuildFile; fileRef = 08EF948328BE51A50044654D /* WeatherModel.swift */; };
		08EF948628BE53750044654D /* WeatherViewController.swift in Sources */ = {isa = PBXBuildFile; fileRef = 08EF948528BE53750044654D /* WeatherViewController.swift */; };
/* End PBXBuildFile section */

/* Begin PBXFileReference section */
		08868FF5289C6CA600199DAD /* WetterApp.app */ = {isa = PBXFileReference; explicitFileType = wrapper.application; includeInIndex = 0; path = WetterApp.app; sourceTree = BUILT_PRODUCTS_DIR; };
		08868FF8289C6CA600199DAD /* AppDelegate.swift */ = {isa = PBXFileReference; lastKnownFileType = sourcecode.swift; path = AppDelegate.swift; sourceTree = "<group>"; };
		08868FFA289C6CA600199DAD /* SceneDelegate.swift */ = {isa = PBXFileReference; lastKnownFileType = sourcecode.swift; path = SceneDelegate.swift; sourceTree = "<group>"; };
		08868FFF289C6CA600199DAD /* Base */ = {isa = PBXFileReference; lastKnownFileType = file.storyboard; name = Base; path = Base.lproj/Main.storyboard; sourceTree = "<group>"; };
		08869001289C6CA700199DAD /* Assets.xcassets */ = {isa = PBXFileReference; lastKnownFileType = folder.assetcatalog; path = Assets.xcassets; sourceTree = "<group>"; };
		08869004289C6CA700199DAD /* Base */ = {isa = PBXFileReference; lastKnownFileType = file.storyboard; name = Base; path = Base.lproj/LaunchScreen.storyboard; sourceTree = "<group>"; };
		08869006289C6CA700199DAD /* Info.plist */ = {isa = PBXFileReference; lastKnownFileType = text.plist.xml; path = Info.plist; sourceTree = "<group>"; };
		08EF947F28BE516C0044654D /* WeatherManager.swift */ = {isa = PBXFileReference; lastKnownFileType = sourcecode.swift; path = WeatherManager.swift; sourceTree = "<group>"; };
		08EF948128BE51950044654D /* WeatherData.swift */ = {isa = PBXFileReference; lastKnownFileType = sourcecode.swift; path = WeatherData.swift; sourceTree = "<group>"; };
		08EF948328BE51A50044654D /* WeatherModel.swift */ = {isa = PBXFileReference; lastKnownFileType = sourcecode.swift; path = WeatherModel.swift; sourceTree = "<group>"; };
		08EF948528BE53750044654D /* WeatherViewController.swift */ = {isa = PBXFileReference; lastKnownFileType = sourcecode.swift; path = WeatherViewController.swift; sourceTree = "<group>"; };
/* End PBXFileReference section */

/* Begin PBXFrameworksBuildPhase section */
		08868FF2289C6CA600199DAD /* Frameworks */ = {
			isa = PBXFrameworksBuildPhase;
			buildActionMask = 2147483647;
			files = (
			);
			runOnlyForDeploymentPostprocessing = 0;
		};
/* End PBXFrameworksBuildPhase section */

/* Begin PBXGroup section */
		08868FEC289C6CA600199DAD = {
			isa = PBXGroup;
			children = (
				08868FF7289C6CA600199DAD /* WetterApp */,
				08868FF6289C6CA600199DAD /* Products */,
			);
			sourceTree = "<group>";
		};
		08868FF6289C6CA600199DAD /* Products */ = {
			isa = PBXGroup;
			children = (
				08868FF5289C6CA600199DAD /* WetterApp.app */,
			);
			name = Products;
			sourceTree = "<group>";
		};
		08868FF7289C6CA600199DAD /* WetterApp */ = {
			isa = PBXGroup;
			children = (
				08868FF8289C6CA600199DAD /* AppDelegate.swift */,
				08868FFA289C6CA600199DAD /* SceneDelegate.swift */,
				08EF947828BE3E780044654D /* Model */,
				08EF947728BE3E1A0044654D /* View */,
				08EF947628BE3DC30044654D /* Controller */,
				08869001289C6CA700199DAD /* Assets.xcassets */,
				08869003289C6CA700199DAD /* LaunchScreen.storyboard */,
				08869006289C6CA700199DAD /* Info.plist */,
			);
			path = WetterApp;
			sourceTree = "<group>";
		};
		08EF947628BE3DC30044654D /* Controller */ = {
			isa = PBXGroup;
			children = (
				08EF948528BE53750044654D /* WeatherViewController.swift */,
			);
			path = Controller;
			sourceTree = "<group>";
		};
		08EF947728BE3E1A0044654D /* View */ = {
			isa = PBXGroup;
			children = (
				08868FFE289C6CA600199DAD /* Main.storyboard */,
			);
			path = View;
			sourceTree = "<group>";
		};
		08EF947828BE3E780044654D /* Model */ = {
			isa = PBXGroup;
			children = (
				08EF947F28BE516C0044654D /* WeatherManager.swift */,
				08EF948128BE51950044654D /* WeatherData.swift */,
				08EF948328BE51A50044654D /* WeatherModel.swift */,
			);
			path = Model;
			sourceTree = "<group>";
		};
/* End PBXGroup section */

/* Begin PBXNativeTarget section */
		08868FF4289C6CA600199DAD /* WetterApp */ = {
			isa = PBXNativeTarget;
			buildConfigurationList = 08869009289C6CA700199DAD /* Build configuration list for PBXNativeTarget "WetterApp" */;
			buildPhases = (
				08868FF1289C6CA600199DAD /* Sources */,
				08868FF2289C6CA600199DAD /* Frameworks */,
				08868FF3289C6CA600199DAD /* Resources */,
			);
			buildRules = (
			);
			dependencies = (
			);
			name = WetterApp;
			productName = WetterApp;
			productReference = 08868FF5289C6CA600199DAD /* WetterApp.app */;
			productType = "com.apple.product-type.application";
		};
/* End PBXNativeTarget section */

/* Begin PBXProject section */
		08868FED289C6CA600199DAD /* Project object */ = {
			isa = PBXProject;
			attributes = {
				BuildIndependentTargetsInParallel = 1;
				LastSwiftUpdateCheck = 1340;
				LastUpgradeCheck = 1340;
				TargetAttributes = {
					08868FF4289C6CA600199DAD = {
						CreatedOnToolsVersion = 13.4;
					};
				};
			};
			buildConfigurationList = 08868FF0289C6CA600199DAD /* Build configuration list for PBXProject "WetterApp" */;
			compatibilityVersion = "Xcode 13.0";
			developmentRegion = en;
			hasScannedForEncodings = 0;
			knownRegions = (
				en,
				Base,
			);
			mainGroup = 08868FEC289C6CA600199DAD;
			productRefGroup = 08868FF6289C6CA600199DAD /* Products */;
			projectDirPath = "";
			projectRoot = "";
			targets = (
				08868FF4289C6CA600199DAD /* WetterApp */,
			);
		};
/* End PBXProject section */

/* Begin PBXResourcesBuildPhase section */
		08868FF3289C6CA600199DAD /* Resources */ = {
			isa = PBXResourcesBuildPhase;
			buildActionMask = 2147483647;
			files = (
				08869005289C6CA700199DAD /* LaunchScreen.storyboard in Resources */,
				08869002289C6CA700199DAD /* Assets.xcassets in Resources */,
				08869000289C6CA600199DAD /* Main.storyboard in Resources */,
			);
			runOnlyForDeploymentPostprocessing = 0;
		};
/* End PBXResourcesBuildPhase section */

/* Begin PBXSourcesBuildPhase section */
		08868FF1289C6CA600199DAD /* Sources */ = {
			isa = PBXSourcesBuildPhase;
			buildActionMask = 2147483647;
			files = (
				08EF948228BE51950044654D /* WeatherData.swift in Sources */,
				08EF948628BE53750044654D /* WeatherViewController.swift in Sources */,
				08868FF9289C6CA600199DAD /* AppDelegate.swift in Sources */,
				08EF948028BE516C0044654D /* WeatherManager.swift in Sources */,
				08EF948428BE51A50044654D /* WeatherModel.swift in Sources */,
				08868FFB289C6CA600199DAD /* SceneDelegate.swift in Sources */,
			);
			runOnlyForDeploymentPostprocessing = 0;
		};
/* End PBXSourcesBuildPhase section */

/* Begin PBXVariantGroup section */
		08868FFE289C6CA600199DAD /* Main.storyboard */ = {
			isa = PBXVariantGroup;
			children = (
				08868FFF289C6CA600199DAD /* Base */,
			);
			name = Main.storyboard;
			sourceTree = "<group>";
		};
		08869003289C6CA700199DAD /* LaunchScreen.storyboard */ = {
			isa = PBXVariantGroup;
			children = (
				08869004289C6CA700199DAD /* Base */,
			);
			name = LaunchScreen.storyboard;
			sourceTree = "<group>";
		};
/* End PBXVariantGroup section */

/* Begin XCBuildConfiguration section */
		08869007289C6CA700199DAD /* Debug */ = {
			isa = XCBuildConfiguration;
			buildSettings = {
				ALWAYS_SEARCH_USER_PATHS = NO;
				CLANG_ANALYZER_NONNULL = YES;
				CLANG_ANALYZER_NUMBER_OBJECT_CONVERSION = YES_AGGRESSIVE;
				CLANG_CXX_LANGUAGE_STANDARD = "gnu++17";
				CLANG_ENABLE_MODULES = YES;
				CLANG_ENABLE_OBJC_ARC = YES;
				CLANG_ENABLE_OBJC_WEAK = YES;
				CLANG_WARN_BLOCK_CAPTURE_AUTORELEASING = YES;
				CLANG_WARN_BOOL_CONVERSION = YES;
				CLANG_WARN_COMMA = YES;
				CLANG_WARN_CONSTANT_CONVERSION = YES;
				CLANG_WARN_DEPRECATED_OBJC_IMPLEMENTATIONS = YES;
				CLANG_WARN_DIRECT_OBJC_ISA_USAGE = YES_ERROR;
				CLANG_WARN_DOCUMENTATION_COMMENTS = YES;
				CLANG_WARN_EMPTY_BODY = YES;
				CLANG_WARN_ENUM_CONVERSION = YES;
				CLANG_WARN_INFINITE_RECURSION = YES;
				CLANG_WARN_INT_CONVERSION = YES;
				CLANG_WARN_NON_LITERAL_NULL_CONVERSION = YES;
				CLANG_WARN_OBJC_IMPLICIT_RETAIN_SELF = YES;
				CLANG_WARN_OBJC_LITERAL_CONVERSION = YES;
				CLANG_WARN_OBJC_ROOT_CLASS = YES_ERROR;
				CLANG_WARN_QUOTED_INCLUDE_IN_FRAMEWORK_HEADER = YES;
				CLANG_WARN_RANGE_LOOP_ANALYSIS = YES;
				CLANG_WARN_STRICT_PROTOTYPES = YES;
				CLANG_WARN_SUSPICIOUS_MOVE = YES;
				CLANG_WARN_UNGUARDED_AVAILABILITY = YES_AGGRESSIVE;
				CLANG_WARN_UNREACHABLE_CODE = YES;
				CLANG_WARN__DUPLICATE_METHOD_MATCH = YES;
				COPY_PHASE_STRIP = NO;
				DEBUG_INFORMATION_FORMAT = dwarf;
				ENABLE_STRICT_OBJC_MSGSEND = YES;
				ENABLE_TESTABILITY = YES;
				GCC_C_LANGUAGE_STANDARD = gnu11;
				GCC_DYNAMIC_NO_PIC = NO;
				GCC_NO_COMMON_BLOCKS = YES;
				GCC_OPTIMIZATION_LEVEL = 0;
				GCC_PREPROCESSOR_DEFINITIONS = (
					"DEBUG=1",
					"$(inherited)",
				);
				GCC_WARN_64_TO_32_BIT_CONVERSION = YES;
				GCC_WARN_ABOUT_RETURN_TYPE = YES_ERROR;
				GCC_WARN_UNDECLARED_SELECTOR = YES;
				GCC_WARN_UNINITIALIZED_AUTOS = YES_AGGRESSIVE;
				GCC_WARN_UNUSED_FUNCTION = YES;
				GCC_WARN_UNUSED_VARIABLE = YES;
				IPHONEOS_DEPLOYMENT_TARGET = 15.5;
				MTL_ENABLE_DEBUG_INFO = INCLUDE_SOURCE;
				MTL_FAST_MATH = YES;
				ONLY_ACTIVE_ARCH = YES;
				SDKROOT = iphoneos;
				SWIFT_ACTIVE_COMPILATION_CONDITIONS = DEBUG;
				SWIFT_OPTIMIZATION_LEVEL = "-Onone";
			};
			name = Debug;
		};
		08869008289C6CA700199DAD /* Release */ = {
			isa = XCBuildConfiguration;
			buildSettings = {
				ALWAYS_SEARCH_USER_PATHS = NO;
				CLANG_ANALYZER_NONNULL = YES;
				CLANG_ANALYZER_NUMBER_OBJECT_CONVERSION = YES_AGGRESSIVE;
				CLANG_CXX_LANGUAGE_STANDARD = "gnu++17";
				CLANG_ENABLE_MODULES = YES;
				CLANG_ENABLE_OBJC_ARC = YES;
				CLANG_ENABLE_OBJC_WEAK = YES;
				CLANG_WARN_BLOCK_CAPTURE_AUTORELEASING = YES;
				CLANG_WARN_BOOL_CONVERSION = YES;
				CLANG_WARN_COMMA = YES;
				CLANG_WARN_CONSTANT_CONVERSION = YES;
				CLANG_WARN_DEPRECATED_OBJC_IMPLEMENTATIONS = YES;
				CLANG_WARN_DIRECT_OBJC_ISA_USAGE = YES_ERROR;
				CLANG_WARN_DOCUMENTATION_COMMENTS = YES;
				CLANG_WARN_EMPTY_BODY = YES;
				CLANG_WARN_ENUM_CONVERSION = YES;
				CLANG_WARN_INFINITE_RECURSION = YES;
				CLANG_WARN_INT_CONVERSION = YES;
				CLANG_WARN_NON_LITERAL_NULL_CONVERSION = YES;
				CLANG_WARN_OBJC_IMPLICIT_RETAIN_SELF = YES;
				CLANG_WARN_OBJC_LITERAL_CONVERSION = YES;
				CLANG_WARN_OBJC_ROOT_CLASS = YES_ERROR;
				CLANG_WARN_QUOTED_INCLUDE_IN_FRAMEWORK_HEADER = YES;
				CLANG_WARN_RANGE_LOOP_ANALYSIS = YES;
				CLANG_WARN_STRICT_PROTOTYPES = YES;
				CLANG_WARN_SUSPICIOUS_MOVE = YES;
				CLANG_WARN_UNGUARDED_AVAILABILITY = YES_AGGRESSIVE;
				CLANG_WARN_UNREACHABLE_CODE = YES;
				CLANG_WARN__DUPLICATE_METHOD_MATCH = YES;
				COPY_PHASE_STRIP = NO;
				DEBUG_INFORMATION_FORMAT = "dwarf-with-dsym";
				ENABLE_NS_ASSERTIONS = NO;
				ENABLE_STRICT_OBJC_MSGSEND = YES;
				GCC_C_LANGUAGE_STANDARD = gnu11;
				GCC_NO_COMMON_BLOCKS = YES;
				GCC_WARN_64_TO_32_BIT_CONVERSION = YES;
				GCC_WARN_ABOUT_RETURN_TYPE = YES_ERROR;
				GCC_WARN_UNDECLARED_SELECTOR = YES;
				GCC_WARN_UNINITIALIZED_AUTOS = YES_AGGRESSIVE;
				GCC_WARN_UNUSED_FUNCTION = YES;
				GCC_WARN_UNUSED_VARIABLE = YES;
				IPHONEOS_DEPLOYMENT_TARGET = 15.5;
				MTL_ENABLE_DEBUG_INFO = NO;
				MTL_FAST_MATH = YES;
				SDKROOT = iphoneos;
				SWIFT_COMPILATION_MODE = wholemodule;
				SWIFT_OPTIMIZATION_LEVEL = "-O";
				VALIDATE_PRODUCT = YES;
			};
			name = Release;
		};
		0886900A289C6CA700199DAD /* Debug */ = {
			isa = XCBuildConfiguration;
			buildSettings = {
				ASSETCATALOG_COMPILER_APPICON_NAME = AppIcon;
				ASSETCATALOG_COMPILER_GLOBAL_ACCENT_COLOR_NAME = AccentColor;
				CODE_SIGN_STYLE = Automatic;
				CURRENT_PROJECT_VERSION = 1;
				DEVELOPMENT_TEAM = 535J9YSS6M;
				GENERATE_INFOPLIST_FILE = YES;
				INFOPLIST_FILE = WetterApp/Info.plist;
				INFOPLIST_KEY_LSApplicationCategoryType = "";
				INFOPLIST_KEY_NSLocationAlwaysAndWhenInUseUsageDescription = "";
				INFOPLIST_KEY_NSLocationWhenInUseUsageDescription = "We need yoir location to check the weather there.";
				INFOPLIST_KEY_UIApplicationSupportsIndirectInputEvents = YES;
				INFOPLIST_KEY_UILaunchStoryboardName = LaunchScreen;
				INFOPLIST_KEY_UIMainStoryboardFile = Main;
				INFOPLIST_KEY_UIRequiredDeviceCapabilities = "location-services armv7";
				INFOPLIST_KEY_UIStatusBarHidden = YES;
				INFOPLIST_KEY_UISupportedInterfaceOrientations = UIInterfaceOrientationPortrait;
				INFOPLIST_KEY_UISupportedInterfaceOrientations_iPad = "UIInterfaceOrientationPortrait UIInterfaceOrientationPortraitUpsideDown UIInterfaceOrientationLandscapeLeft UIInterfaceOrientationLandscapeRight";
				INFOPLIST_KEY_UISupportedInterfaceOrientations_iPhone = "UIInterfaceOrientationPortrait UIInterfaceOrientationLandscapeLeft UIInterfaceOrientationLandscapeRight";
				IPHONEOS_DEPLOYMENT_TARGET = 15.5;
				LD_RUNPATH_SEARCH_PATHS = (
					"$(inherited)",
					"@executable_path/Frameworks",
				);
				MARKETING_VERSION = 1.0;
				PRODUCT_BUNDLE_IDENTIFIER = com.gulecveysel.WetterApp;
				PRODUCT_NAME = "$(TARGET_NAME)";
				SWIFT_EMIT_LOC_STRINGS = YES;
				SWIFT_VERSION = 5.0;
				TARGETED_DEVICE_FAMILY = "1,2";
			};
			name = Debug;
		};
		0886900B289C6CA700199DAD /* Release */ = {
			isa = XCBuildConfiguration;
			buildSettings = {
				ASSETCATALOG_COMPILER_APPICON_NAME = AppIcon;
				ASSETCATALOG_COMPILER_GLOBAL_ACCENT_COLOR_NAME = AccentColor;
				CODE_SIGN_STYLE = Automatic;
				CURRENT_PROJECT_VERSION = 1;
				DEVELOPMENT_TEAM = 535J9YSS6M;
				GENERATE_INFOPLIST_FILE = YES;
				INFOPLIST_FILE = WetterApp/Info.plist;
				INFOPLIST_KEY_LSApplicationCategoryType = "";
				INFOPLIST_KEY_NSLocationAlwaysAndWhenInUseUsageDescription = "";
				INFOPLIST_KEY_NSLocationWhenInUseUsageDescription = "We need yoir location to check the weather there.";
				INFOPLIST_KEY_UIApplicationSupportsIndirectInputEvents = YES;
				INFOPLIST_KEY_UILaunchStoryboardName = LaunchScreen;
				INFOPLIST_KEY_UIMainStoryboardFile = Main;
				INFOPLIST_KEY_UIRequiredDeviceCapabilities = "location-services armv7";
				INFOPLIST_KEY_UIStatusBarHidden = YES;
				INFOPLIST_KEY_UISupportedInterfaceOrientations = UIInterfaceOrientationPortrait;
				INFOPLIST_KEY_UISupportedInterfaceOrientations_iPad = "UIInterfaceOrientationPortrait UIInterfaceOrientationPortraitUpsideDown UIInterfaceOrientationLandscapeLeft UIInterfaceOrientationLandscapeRight";
				INFOPLIST_KEY_UISupportedInterfaceOrientations_iPhone = "UIInterfaceOrientationPortrait UIInterfaceOrientationLandscapeLeft UIInterfaceOrientationLandscapeRight";
				IPHONEOS_DEPLOYMENT_TARGET = 15.5;
				LD_RUNPATH_SEARCH_PATHS = (
					"$(inherited)",
					"@executable_path/Frameworks",
				);
				MARKETING_VERSION = 1.0;
				PRODUCT_BUNDLE_IDENTIFIER = com.gulecveysel.WetterApp;
				PRODUCT_NAME = "$(TARGET_NAME)";
				SWIFT_EMIT_LOC_STRINGS = YES;
				SWIFT_VERSION = 5.0;
				TARGETED_DEVICE_FAMILY = "1,2";
			};
			name = Release;
		};
/* End XCBuildConfiguration section */

/* Begin XCConfigurationList section */
		08868FF0289C6CA600199DAD /* Build configuration list for PBXProject "WetterApp" */ = {
			isa = XCConfigurationList;
			buildConfigurations = (
				08869007289C6CA700199DAD /* Debug */,
				08869008289C6CA700199DAD /* Release */,
			);
			defaultConfigurationIsVisible = 0;
			defaultConfigurationName = Release;
		};
		08869009289C6CA700199DAD /* Build configuration list for PBXNativeTarget "WetterApp" */ = {
			isa = XCConfigurationList;
			buildConfigurations = (
				0886900A289C6CA700199DAD /* Debug */,
				0886900B289C6CA700199DAD /* Release */,
			);
			defaultConfigurationIsVisible = 0;
			defaultConfigurationName = Release;
		};
/* End XCConfigurationList section */
	};
	rootObject = 08868FED289C6CA600199DAD /* Project object */;
}
